// !$*UTF8*$!
{
	archiveVersion = 1;
	classes = {
	};
	objectVersion = 56;
	objects = {

/* Begin PBXBuildFile section */
		CED1E0732C33E79C004BFBE1 /* AppDelegate.swift in Sources */ = {isa = PBXBuildFile; fileRef = CED1E0722C33E79C004BFBE1 /* AppDelegate.swift */; };
		CED1E0752C33E79C004BFBE1 /* SceneDelegate.swift in Sources */ = {isa = PBXBuildFile; fileRef = CED1E0742C33E79C004BFBE1 /* SceneDelegate.swift */; };
		CED1E07C2C33E79D004BFBE1 /* Assets.xcassets in Resources */ = {isa = PBXBuildFile; fileRef = CED1E07B2C33E79D004BFBE1 /* Assets.xcassets */; };
		CED1E07F2C33E79D004BFBE1 /* Base in Resources */ = {isa = PBXBuildFile; fileRef = CED1E07E2C33E79D004BFBE1 /* Base */; };
		CED1E0872C33E8A2004BFBE1 /* .gitIgnore in Resources */ = {isa = PBXBuildFile; fileRef = CED1E0862C33E8A2004BFBE1 /* .gitIgnore */; };
		CED1E08A2C33E968004BFBE1 /* SnapKit in Frameworks */ = {isa = PBXBuildFile; productRef = CED1E0892C33E968004BFBE1 /* SnapKit */; };
		CED1E08D2C33E989004BFBE1 /* RealmSwift in Frameworks */ = {isa = PBXBuildFile; productRef = CED1E08C2C33E989004BFBE1 /* RealmSwift */; };
		CED1E0902C33EFE5004BFBE1 /* BaseViewController.swift in Sources */ = {isa = PBXBuildFile; fileRef = CED1E08F2C33EFE5004BFBE1 /* BaseViewController.swift */; };
		CED1E0922C33F056004BFBE1 /* BaseView.swift in Sources */ = {isa = PBXBuildFile; fileRef = CED1E0912C33F056004BFBE1 /* BaseView.swift */; };
		CED1E0982C33FA98004BFBE1 /* MainViewController.swift in Sources */ = {isa = PBXBuildFile; fileRef = CED1E0972C33FA98004BFBE1 /* MainViewController.swift */; };
		CED1E09A2C33FAA9004BFBE1 /* MainView.swift in Sources */ = {isa = PBXBuildFile; fileRef = CED1E0992C33FAA9004BFBE1 /* MainView.swift */; };
		CED1E09D2C33FEF9004BFBE1 /* Constants.swift in Sources */ = {isa = PBXBuildFile; fileRef = CED1E09C2C33FEF9004BFBE1 /* Constants.swift */; };
		CED1E09F2C34059D004BFBE1 /* MainCollectionViewCell.swift in Sources */ = {isa = PBXBuildFile; fileRef = CED1E09E2C34059D004BFBE1 /* MainCollectionViewCell.swift */; };
		CED1E0A12C3405A9004BFBE1 /* BaseCollectionViewCell.swift in Sources */ = {isa = PBXBuildFile; fileRef = CED1E0A02C3405A9004BFBE1 /* BaseCollectionViewCell.swift */; };
		CED1E0A42C3408D0004BFBE1 /* Reusable.swift in Sources */ = {isa = PBXBuildFile; fileRef = CED1E0A32C3408D0004BFBE1 /* Reusable.swift */; };
		CED1E0A72C3409D5004BFBE1 /* UICollectionViewCell+Extension.swift in Sources */ = {isa = PBXBuildFile; fileRef = CED1E0A62C3409D5004BFBE1 /* UICollectionViewCell+Extension.swift */; };
		CED1E0A92C340DEE004BFBE1 /* TodoCategory.swift in Sources */ = {isa = PBXBuildFile; fileRef = CED1E0A82C340DEE004BFBE1 /* TodoCategory.swift */; };
		CED1E0AC2C341555004BFBE1 /* RegisterViewController.swift in Sources */ = {isa = PBXBuildFile; fileRef = CED1E0AB2C341555004BFBE1 /* RegisterViewController.swift */; };
		CED1E0AE2C34156B004BFBE1 /* RegisterView.swift in Sources */ = {isa = PBXBuildFile; fileRef = CED1E0AD2C34156B004BFBE1 /* RegisterView.swift */; };
		CED1E0B02C341CDC004BFBE1 /* RegisterDisclosureCell.swift in Sources */ = {isa = PBXBuildFile; fileRef = CED1E0AF2C341CDC004BFBE1 /* RegisterDisclosureCell.swift */; };
		CED1E0B42C341ED3004BFBE1 /* BaseTableViewCell.swift in Sources */ = {isa = PBXBuildFile; fileRef = CED1E0B32C341ED3004BFBE1 /* BaseTableViewCell.swift */; };
		CED1E0B62C342DD1004BFBE1 /* RegisterOpenedCell.swift in Sources */ = {isa = PBXBuildFile; fileRef = CED1E0B52C342DD1004BFBE1 /* RegisterOpenedCell.swift */; };
		CED1E0B92C345386004BFBE1 /* ListViewController.swift in Sources */ = {isa = PBXBuildFile; fileRef = CED1E0B82C345386004BFBE1 /* ListViewController.swift */; };
		CED1E0BB2C34538B004BFBE1 /* ListView.swift in Sources */ = {isa = PBXBuildFile; fileRef = CED1E0BA2C34538B004BFBE1 /* ListView.swift */; };
		CED1E0BD2C34596B004BFBE1 /* ListTableViewCell.swift in Sources */ = {isa = PBXBuildFile; fileRef = CED1E0BC2C34596B004BFBE1 /* ListTableViewCell.swift */; };
		CED1E0C02C346ABC004BFBE1 /* NavigationManager.swift in Sources */ = {isa = PBXBuildFile; fileRef = CED1E0BF2C346ABC004BFBE1 /* NavigationManager.swift */; };
		CED1E0C22C34870D004BFBE1 /* RealmManager.swift in Sources */ = {isa = PBXBuildFile; fileRef = CED1E0C12C34870D004BFBE1 /* RealmManager.swift */; };
		CED1E0C62C348920004BFBE1 /* Todos.swift in Sources */ = {isa = PBXBuildFile; fileRef = CED1E0C52C348920004BFBE1 /* Todos.swift */; };
		CED1E0C82C3497E2004BFBE1 /* ViewController+Extension.swift in Sources */ = {isa = PBXBuildFile; fileRef = CED1E0C72C3497E2004BFBE1 /* ViewController+Extension.swift */; };
		CED1E0CD2C356203004BFBE1 /* NSObject+Extension.swift in Sources */ = {isa = PBXBuildFile; fileRef = CED1E0CC2C356203004BFBE1 /* NSObject+Extension.swift */; };
		CED1E0CF2C359FFC004BFBE1 /* Category.swift in Sources */ = {isa = PBXBuildFile; fileRef = CED1E0CE2C359FFC004BFBE1 /* Category.swift */; };
		CED1E0D12C35ADA4004BFBE1 /* RegisterFieldType.swift in Sources */ = {isa = PBXBuildFile; fileRef = CED1E0D02C35ADA4004BFBE1 /* RegisterFieldType.swift */; };
		CED1E0D32C35B125004BFBE1 /* DetailInputViewController.swift in Sources */ = {isa = PBXBuildFile; fileRef = CED1E0D22C35B125004BFBE1 /* DetailInputViewController.swift */; };
		CED1E0D62C35B151004BFBE1 /* DetailInputView.swift in Sources */ = {isa = PBXBuildFile; fileRef = CED1E0D52C35B151004BFBE1 /* DetailInputView.swift */; };
		CED1E0D82C35C851004BFBE1 /* DateHelper.swift in Sources */ = {isa = PBXBuildFile; fileRef = CED1E0D72C35C851004BFBE1 /* DateHelper.swift */; };
		CED1E0DB2C360BA6004BFBE1 /* DetailTodoView.swift in Sources */ = {isa = PBXBuildFile; fileRef = CED1E0DA2C360BA6004BFBE1 /* DetailTodoView.swift */; };
		CED1E0DD2C360BFE004BFBE1 /* DetailTodoViewController.swift in Sources */ = {isa = PBXBuildFile; fileRef = CED1E0DC2C360BFE004BFBE1 /* DetailTodoViewController.swift */; };
		CED1E1222C36D6CA004BFBE1 /* UIColor+Extension.swift in Sources */ = {isa = PBXBuildFile; fileRef = CED1E1212C36D6CA004BFBE1 /* UIColor+Extension.swift */; };
		CED1E1242C36D6FC004BFBE1 /* String+Extension.swift in Sources */ = {isa = PBXBuildFile; fileRef = CED1E1232C36D6FC004BFBE1 /* String+Extension.swift */; };
/* End PBXBuildFile section */

/* Begin PBXFileReference section */
		CED1E06F2C33E79C004BFBE1 /* ReminderProject.app */ = {isa = PBXFileReference; explicitFileType = wrapper.application; includeInIndex = 0; path = ReminderProject.app; sourceTree = BUILT_PRODUCTS_DIR; };
		CED1E0722C33E79C004BFBE1 /* AppDelegate.swift */ = {isa = PBXFileReference; lastKnownFileType = sourcecode.swift; path = AppDelegate.swift; sourceTree = "<group>"; };
		CED1E0742C33E79C004BFBE1 /* SceneDelegate.swift */ = {isa = PBXFileReference; lastKnownFileType = sourcecode.swift; path = SceneDelegate.swift; sourceTree = "<group>"; };
		CED1E07B2C33E79D004BFBE1 /* Assets.xcassets */ = {isa = PBXFileReference; lastKnownFileType = folder.assetcatalog; path = Assets.xcassets; sourceTree = "<group>"; };
		CED1E07E2C33E79D004BFBE1 /* Base */ = {isa = PBXFileReference; lastKnownFileType = file.storyboard; name = Base; path = Base.lproj/LaunchScreen.storyboard; sourceTree = "<group>"; };
		CED1E0802C33E79D004BFBE1 /* Info.plist */ = {isa = PBXFileReference; lastKnownFileType = text.plist.xml; path = Info.plist; sourceTree = "<group>"; };
		CED1E0862C33E8A2004BFBE1 /* .gitIgnore */ = {isa = PBXFileReference; lastKnownFileType = text; path = .gitIgnore; sourceTree = "<group>"; };
		CED1E08F2C33EFE5004BFBE1 /* BaseViewController.swift */ = {isa = PBXFileReference; lastKnownFileType = sourcecode.swift; path = BaseViewController.swift; sourceTree = "<group>"; };
		CED1E0912C33F056004BFBE1 /* BaseView.swift */ = {isa = PBXFileReference; lastKnownFileType = sourcecode.swift; path = BaseView.swift; sourceTree = "<group>"; };
		CED1E0972C33FA98004BFBE1 /* MainViewController.swift */ = {isa = PBXFileReference; lastKnownFileType = sourcecode.swift; path = MainViewController.swift; sourceTree = "<group>"; };
		CED1E0992C33FAA9004BFBE1 /* MainView.swift */ = {isa = PBXFileReference; lastKnownFileType = sourcecode.swift; path = MainView.swift; sourceTree = "<group>"; };
		CED1E09C2C33FEF9004BFBE1 /* Constants.swift */ = {isa = PBXFileReference; lastKnownFileType = sourcecode.swift; path = Constants.swift; sourceTree = "<group>"; };
		CED1E09E2C34059D004BFBE1 /* MainCollectionViewCell.swift */ = {isa = PBXFileReference; lastKnownFileType = sourcecode.swift; path = MainCollectionViewCell.swift; sourceTree = "<group>"; };
		CED1E0A02C3405A9004BFBE1 /* BaseCollectionViewCell.swift */ = {isa = PBXFileReference; lastKnownFileType = sourcecode.swift; path = BaseCollectionViewCell.swift; sourceTree = "<group>"; };
		CED1E0A32C3408D0004BFBE1 /* Reusable.swift */ = {isa = PBXFileReference; lastKnownFileType = sourcecode.swift; path = Reusable.swift; sourceTree = "<group>"; };
		CED1E0A62C3409D5004BFBE1 /* UICollectionViewCell+Extension.swift */ = {isa = PBXFileReference; lastKnownFileType = sourcecode.swift; path = "UICollectionViewCell+Extension.swift"; sourceTree = "<group>"; };
		CED1E0A82C340DEE004BFBE1 /* TodoCategory.swift */ = {isa = PBXFileReference; lastKnownFileType = sourcecode.swift; path = TodoCategory.swift; sourceTree = "<group>"; };
		CED1E0AB2C341555004BFBE1 /* RegisterViewController.swift */ = {isa = PBXFileReference; lastKnownFileType = sourcecode.swift; path = RegisterViewController.swift; sourceTree = "<group>"; };
		CED1E0AD2C34156B004BFBE1 /* RegisterView.swift */ = {isa = PBXFileReference; lastKnownFileType = sourcecode.swift; path = RegisterView.swift; sourceTree = "<group>"; };
		CED1E0AF2C341CDC004BFBE1 /* RegisterDisclosureCell.swift */ = {isa = PBXFileReference; lastKnownFileType = sourcecode.swift; path = RegisterDisclosureCell.swift; sourceTree = "<group>"; };
		CED1E0B32C341ED3004BFBE1 /* BaseTableViewCell.swift */ = {isa = PBXFileReference; lastKnownFileType = sourcecode.swift; path = BaseTableViewCell.swift; sourceTree = "<group>"; };
		CED1E0B52C342DD1004BFBE1 /* RegisterOpenedCell.swift */ = {isa = PBXFileReference; lastKnownFileType = sourcecode.swift; path = RegisterOpenedCell.swift; sourceTree = "<group>"; };
		CED1E0B82C345386004BFBE1 /* ListViewController.swift */ = {isa = PBXFileReference; lastKnownFileType = sourcecode.swift; path = ListViewController.swift; sourceTree = "<group>"; };
		CED1E0BA2C34538B004BFBE1 /* ListView.swift */ = {isa = PBXFileReference; lastKnownFileType = sourcecode.swift; path = ListView.swift; sourceTree = "<group>"; };
		CED1E0BC2C34596B004BFBE1 /* ListTableViewCell.swift */ = {isa = PBXFileReference; lastKnownFileType = sourcecode.swift; path = ListTableViewCell.swift; sourceTree = "<group>"; };
		CED1E0BF2C346ABC004BFBE1 /* NavigationManager.swift */ = {isa = PBXFileReference; lastKnownFileType = sourcecode.swift; path = NavigationManager.swift; sourceTree = "<group>"; };
		CED1E0C12C34870D004BFBE1 /* RealmManager.swift */ = {isa = PBXFileReference; lastKnownFileType = sourcecode.swift; path = RealmManager.swift; sourceTree = "<group>"; };
		CED1E0C52C348920004BFBE1 /* Todos.swift */ = {isa = PBXFileReference; lastKnownFileType = sourcecode.swift; path = Todos.swift; sourceTree = "<group>"; };
		CED1E0C72C3497E2004BFBE1 /* ViewController+Extension.swift */ = {isa = PBXFileReference; lastKnownFileType = sourcecode.swift; path = "ViewController+Extension.swift"; sourceTree = "<group>"; };
		CED1E0CC2C356203004BFBE1 /* NSObject+Extension.swift */ = {isa = PBXFileReference; lastKnownFileType = sourcecode.swift; path = "NSObject+Extension.swift"; sourceTree = "<group>"; };
		CED1E0CE2C359FFC004BFBE1 /* Category.swift */ = {isa = PBXFileReference; lastKnownFileType = sourcecode.swift; path = Category.swift; sourceTree = "<group>"; };
		CED1E0D02C35ADA4004BFBE1 /* RegisterFieldType.swift */ = {isa = PBXFileReference; lastKnownFileType = sourcecode.swift; path = RegisterFieldType.swift; sourceTree = "<group>"; };
		CED1E0D22C35B125004BFBE1 /* DetailInputViewController.swift */ = {isa = PBXFileReference; lastKnownFileType = sourcecode.swift; path = DetailInputViewController.swift; sourceTree = "<group>"; };
		CED1E0D52C35B151004BFBE1 /* DetailInputView.swift */ = {isa = PBXFileReference; lastKnownFileType = sourcecode.swift; path = DetailInputView.swift; sourceTree = "<group>"; };
		CED1E0D72C35C851004BFBE1 /* DateHelper.swift */ = {isa = PBXFileReference; lastKnownFileType = sourcecode.swift; path = DateHelper.swift; sourceTree = "<group>"; };
		CED1E0DA2C360BA6004BFBE1 /* DetailTodoView.swift */ = {isa = PBXFileReference; lastKnownFileType = sourcecode.swift; path = DetailTodoView.swift; sourceTree = "<group>"; };
		CED1E0DC2C360BFE004BFBE1 /* DetailTodoViewController.swift */ = {isa = PBXFileReference; lastKnownFileType = sourcecode.swift; path = DetailTodoViewController.swift; sourceTree = "<group>"; };
		CED1E1212C36D6CA004BFBE1 /* UIColor+Extension.swift */ = {isa = PBXFileReference; lastKnownFileType = sourcecode.swift; path = "UIColor+Extension.swift"; sourceTree = "<group>"; };
		CED1E1232C36D6FC004BFBE1 /* String+Extension.swift */ = {isa = PBXFileReference; lastKnownFileType = sourcecode.swift; path = "String+Extension.swift"; sourceTree = "<group>"; };
/* End PBXFileReference section */

/* Begin PBXFrameworksBuildPhase section */
		CED1E06C2C33E79C004BFBE1 /* Frameworks */ = {
			isa = PBXFrameworksBuildPhase;
			buildActionMask = 2147483647;
			files = (
				CED1E08D2C33E989004BFBE1 /* RealmSwift in Frameworks */,
				CED1E08A2C33E968004BFBE1 /* SnapKit in Frameworks */,
			);
			runOnlyForDeploymentPostprocessing = 0;
		};
/* End PBXFrameworksBuildPhase section */

/* Begin PBXGroup section */
		CED1E0662C33E79C004BFBE1 = {
			isa = PBXGroup;
			children = (
				CED1E0862C33E8A2004BFBE1 /* .gitIgnore */,
				CED1E0712C33E79C004BFBE1 /* ReminderProject */,
				CED1E0702C33E79C004BFBE1 /* Products */,
			);
			sourceTree = "<group>";
		};
		CED1E0702C33E79C004BFBE1 /* Products */ = {
			isa = PBXGroup;
			children = (
				CED1E06F2C33E79C004BFBE1 /* ReminderProject.app */,
			);
			name = Products;
			sourceTree = "<group>";
		};
		CED1E0712C33E79C004BFBE1 /* ReminderProject */ = {
			isa = PBXGroup;
			children = (
				CED1E0C32C348913004BFBE1 /* Models */,
				CED1E0BE2C346AB5004BFBE1 /* Managers */,
				CED1E0A52C3409CB004BFBE1 /* Extensions */,
				CED1E0A22C3408C9004BFBE1 /* Protocols */,
				CED1E09B2C33FEF4004BFBE1 /* Constants */,
				CED1E0952C33FA88004BFBE1 /* Views */,
				CED1E08E2C33EFD9004BFBE1 /* Bases */,
				CED1E0722C33E79C004BFBE1 /* AppDelegate.swift */,
				CED1E0742C33E79C004BFBE1 /* SceneDelegate.swift */,
				CED1E07B2C33E79D004BFBE1 /* Assets.xcassets */,
				CED1E07D2C33E79D004BFBE1 /* LaunchScreen.storyboard */,
				CED1E0802C33E79D004BFBE1 /* Info.plist */,
			);
			path = ReminderProject;
			sourceTree = "<group>";
		};
		CED1E08E2C33EFD9004BFBE1 /* Bases */ = {
			isa = PBXGroup;
			children = (
				CED1E08F2C33EFE5004BFBE1 /* BaseViewController.swift */,
				CED1E0912C33F056004BFBE1 /* BaseView.swift */,
				CED1E0A02C3405A9004BFBE1 /* BaseCollectionViewCell.swift */,
				CED1E0B32C341ED3004BFBE1 /* BaseTableViewCell.swift */,
			);
			path = Bases;
			sourceTree = "<group>";
		};
		CED1E0952C33FA88004BFBE1 /* Views */ = {
			isa = PBXGroup;
			children = (
				CED1E0D92C360B89004BFBE1 /* DetailTodoView */,
				CED1E0D42C35B13E004BFBE1 /* DetailInputViewController */,
				CED1E0B72C345368004BFBE1 /* ListView */,
				CED1E0AA2C34153F004BFBE1 /* RegisterView */,
				CED1E0962C33FA91004BFBE1 /* MainView */,
			);
			path = Views;
			sourceTree = "<group>";
		};
		CED1E0962C33FA91004BFBE1 /* MainView */ = {
			isa = PBXGroup;
			children = (
				CED1E0972C33FA98004BFBE1 /* MainViewController.swift */,
				CED1E0992C33FAA9004BFBE1 /* MainView.swift */,
				CED1E09E2C34059D004BFBE1 /* MainCollectionViewCell.swift */,
			);
			path = MainView;
			sourceTree = "<group>";
		};
		CED1E09B2C33FEF4004BFBE1 /* Constants */ = {
			isa = PBXGroup;
			children = (
				CED1E09C2C33FEF9004BFBE1 /* Constants.swift */,
				CED1E0A82C340DEE004BFBE1 /* TodoCategory.swift */,
				CED1E0D02C35ADA4004BFBE1 /* RegisterFieldType.swift */,
				CED1E0D72C35C851004BFBE1 /* DateHelper.swift */,
			);
			path = Constants;
			sourceTree = "<group>";
		};
		CED1E0A22C3408C9004BFBE1 /* Protocols */ = {
			isa = PBXGroup;
			children = (
				CED1E0A32C3408D0004BFBE1 /* Reusable.swift */,
			);
			path = Protocols;
			sourceTree = "<group>";
		};
		CED1E0A52C3409CB004BFBE1 /* Extensions */ = {
			isa = PBXGroup;
			children = (
				CED1E0A62C3409D5004BFBE1 /* UICollectionViewCell+Extension.swift */,
				CED1E0C72C3497E2004BFBE1 /* ViewController+Extension.swift */,
				CED1E0CC2C356203004BFBE1 /* NSObject+Extension.swift */,
				CED1E1212C36D6CA004BFBE1 /* UIColor+Extension.swift */,
				CED1E1232C36D6FC004BFBE1 /* String+Extension.swift */,
			);
			path = Extensions;
			sourceTree = "<group>";
		};
		CED1E0AA2C34153F004BFBE1 /* RegisterView */ = {
			isa = PBXGroup;
			children = (
				CED1E0AB2C341555004BFBE1 /* RegisterViewController.swift */,
				CED1E0AD2C34156B004BFBE1 /* RegisterView.swift */,
				CED1E0AF2C341CDC004BFBE1 /* RegisterDisclosureCell.swift */,
				CED1E0B52C342DD1004BFBE1 /* RegisterOpenedCell.swift */,
			);
			path = RegisterView;
			sourceTree = "<group>";
		};
		CED1E0B72C345368004BFBE1 /* ListView */ = {
			isa = PBXGroup;
			children = (
				CED1E0B82C345386004BFBE1 /* ListViewController.swift */,
				CED1E0BA2C34538B004BFBE1 /* ListView.swift */,
				CED1E0BC2C34596B004BFBE1 /* ListTableViewCell.swift */,
			);
			path = ListView;
			sourceTree = "<group>";
		};
		CED1E0BE2C346AB5004BFBE1 /* Managers */ = {
			isa = PBXGroup;
			children = (
				CED1E0BF2C346ABC004BFBE1 /* NavigationManager.swift */,
				CED1E0C12C34870D004BFBE1 /* RealmManager.swift */,
			);
			path = Managers;
			sourceTree = "<group>";
		};
		CED1E0C32C348913004BFBE1 /* Models */ = {
			isa = PBXGroup;
			children = (
				CED1E0C42C348919004BFBE1 /* RealmModels */,
			);
			path = Models;
			sourceTree = "<group>";
		};
		CED1E0C42C348919004BFBE1 /* RealmModels */ = {
			isa = PBXGroup;
			children = (
				CED1E0C52C348920004BFBE1 /* Todos.swift */,
				CED1E0CE2C359FFC004BFBE1 /* Category.swift */,
			);
			path = RealmModels;
			sourceTree = "<group>";
		};
		CED1E0D42C35B13E004BFBE1 /* DetailInputViewController */ = {
			isa = PBXGroup;
			children = (
				CED1E0D22C35B125004BFBE1 /* DetailInputViewController.swift */,
				CED1E0D52C35B151004BFBE1 /* DetailInputView.swift */,
			);
			path = DetailInputViewController;
			sourceTree = "<group>";
		};
		CED1E0D92C360B89004BFBE1 /* DetailTodoView */ = {
			isa = PBXGroup;
			children = (
				CED1E0DA2C360BA6004BFBE1 /* DetailTodoView.swift */,
				CED1E0DC2C360BFE004BFBE1 /* DetailTodoViewController.swift */,
			);
			path = DetailTodoView;
			sourceTree = "<group>";
		};
/* End PBXGroup section */

/* Begin PBXNativeTarget section */
		CED1E06E2C33E79C004BFBE1 /* ReminderProject */ = {
			isa = PBXNativeTarget;
			buildConfigurationList = CED1E0832C33E79D004BFBE1 /* Build configuration list for PBXNativeTarget "ReminderProject" */;
			buildPhases = (
				CED1E06B2C33E79C004BFBE1 /* Sources */,
				CED1E06C2C33E79C004BFBE1 /* Frameworks */,
				CED1E06D2C33E79C004BFBE1 /* Resources */,
			);
			buildRules = (
			);
			dependencies = (
			);
			name = ReminderProject;
			packageProductDependencies = (
				CED1E0892C33E968004BFBE1 /* SnapKit */,
				CED1E08C2C33E989004BFBE1 /* RealmSwift */,
			);
			productName = ReminderProject;
			productReference = CED1E06F2C33E79C004BFBE1 /* ReminderProject.app */;
			productType = "com.apple.product-type.application";
		};
/* End PBXNativeTarget section */

/* Begin PBXProject section */
		CED1E0672C33E79C004BFBE1 /* Project object */ = {
			isa = PBXProject;
			attributes = {
				BuildIndependentTargetsInParallel = 1;
				LastSwiftUpdateCheck = 1530;
				LastUpgradeCheck = 1530;
				TargetAttributes = {
					CED1E06E2C33E79C004BFBE1 = {
						CreatedOnToolsVersion = 15.3;
					};
				};
			};
			buildConfigurationList = CED1E06A2C33E79C004BFBE1 /* Build configuration list for PBXProject "ReminderProject" */;
			compatibilityVersion = "Xcode 14.0";
			developmentRegion = en;
			hasScannedForEncodings = 0;
			knownRegions = (
				en,
				Base,
			);
			mainGroup = CED1E0662C33E79C004BFBE1;
			packageReferences = (
				CED1E0882C33E968004BFBE1 /* XCRemoteSwiftPackageReference "SnapKit" */,
				CED1E08B2C33E989004BFBE1 /* XCRemoteSwiftPackageReference "realm-swift" */,
			);
			productRefGroup = CED1E0702C33E79C004BFBE1 /* Products */;
			projectDirPath = "";
			projectRoot = "";
			targets = (
				CED1E06E2C33E79C004BFBE1 /* ReminderProject */,
			);
		};
/* End PBXProject section */

/* Begin PBXResourcesBuildPhase section */
		CED1E06D2C33E79C004BFBE1 /* Resources */ = {
			isa = PBXResourcesBuildPhase;
			buildActionMask = 2147483647;
			files = (
				CED1E07C2C33E79D004BFBE1 /* Assets.xcassets in Resources */,
				CED1E07F2C33E79D004BFBE1 /* Base in Resources */,
				CED1E0872C33E8A2004BFBE1 /* .gitIgnore in Resources */,
			);
			runOnlyForDeploymentPostprocessing = 0;
		};
/* End PBXResourcesBuildPhase section */

/* Begin PBXSourcesBuildPhase section */
		CED1E06B2C33E79C004BFBE1 /* Sources */ = {
			isa = PBXSourcesBuildPhase;
			buildActionMask = 2147483647;
			files = (
				CED1E0B42C341ED3004BFBE1 /* BaseTableViewCell.swift in Sources */,
				CED1E0DD2C360BFE004BFBE1 /* DetailTodoViewController.swift in Sources */,
				CED1E0DB2C360BA6004BFBE1 /* DetailTodoView.swift in Sources */,
				CED1E1222C36D6CA004BFBE1 /* UIColor+Extension.swift in Sources */,
				CED1E0BB2C34538B004BFBE1 /* ListView.swift in Sources */,
				CED1E0C02C346ABC004BFBE1 /* NavigationManager.swift in Sources */,
				CED1E0D12C35ADA4004BFBE1 /* RegisterFieldType.swift in Sources */,
				CED1E0982C33FA98004BFBE1 /* MainViewController.swift in Sources */,
				CED1E1242C36D6FC004BFBE1 /* String+Extension.swift in Sources */,
				CED1E09A2C33FAA9004BFBE1 /* MainView.swift in Sources */,
				CED1E0A12C3405A9004BFBE1 /* BaseCollectionViewCell.swift in Sources */,
				CED1E0AE2C34156B004BFBE1 /* RegisterView.swift in Sources */,
				CED1E0902C33EFE5004BFBE1 /* BaseViewController.swift in Sources */,
				CED1E0C82C3497E2004BFBE1 /* ViewController+Extension.swift in Sources */,
				CED1E0CF2C359FFC004BFBE1 /* Category.swift in Sources */,
				CED1E0A42C3408D0004BFBE1 /* Reusable.swift in Sources */,
				CED1E0B62C342DD1004BFBE1 /* RegisterOpenedCell.swift in Sources */,
				CED1E0BD2C34596B004BFBE1 /* ListTableViewCell.swift in Sources */,
				CED1E0C62C348920004BFBE1 /* Todos.swift in Sources */,
				CED1E0D82C35C851004BFBE1 /* DateHelper.swift in Sources */,
				CED1E0922C33F056004BFBE1 /* BaseView.swift in Sources */,
				CED1E09F2C34059D004BFBE1 /* MainCollectionViewCell.swift in Sources */,
				CED1E0C22C34870D004BFBE1 /* RealmManager.swift in Sources */,
				CED1E0B02C341CDC004BFBE1 /* RegisterDisclosureCell.swift in Sources */,
				CED1E0A92C340DEE004BFBE1 /* TodoCategory.swift in Sources */,
				CED1E0CD2C356203004BFBE1 /* NSObject+Extension.swift in Sources */,
				CED1E09D2C33FEF9004BFBE1 /* Constants.swift in Sources */,
				CED1E0732C33E79C004BFBE1 /* AppDelegate.swift in Sources */,
				CED1E0B92C345386004BFBE1 /* ListViewController.swift in Sources */,
				CED1E0D32C35B125004BFBE1 /* DetailInputViewController.swift in Sources */,
				CED1E0AC2C341555004BFBE1 /* RegisterViewController.swift in Sources */,
				CED1E0D62C35B151004BFBE1 /* DetailInputView.swift in Sources */,
				CED1E0752C33E79C004BFBE1 /* SceneDelegate.swift in Sources */,
				CED1E0A72C3409D5004BFBE1 /* UICollectionViewCell+Extension.swift in Sources */,
			);
			runOnlyForDeploymentPostprocessing = 0;
		};
/* End PBXSourcesBuildPhase section */

/* Begin PBXVariantGroup section */
		CED1E07D2C33E79D004BFBE1 /* LaunchScreen.storyboard */ = {
			isa = PBXVariantGroup;
			children = (
				CED1E07E2C33E79D004BFBE1 /* Base */,
			);
			name = LaunchScreen.storyboard;
			sourceTree = "<group>";
		};
/* End PBXVariantGroup section */

/* Begin XCBuildConfiguration section */
		CED1E0812C33E79D004BFBE1 /* Debug */ = {
			isa = XCBuildConfiguration;
			buildSettings = {
				ALWAYS_SEARCH_USER_PATHS = NO;
				ASSETCATALOG_COMPILER_GENERATE_SWIFT_ASSET_SYMBOL_EXTENSIONS = YES;
				CLANG_ANALYZER_NONNULL = YES;
				CLANG_ANALYZER_NUMBER_OBJECT_CONVERSION = YES_AGGRESSIVE;
				CLANG_CXX_LANGUAGE_STANDARD = "gnu++20";
				CLANG_ENABLE_MODULES = YES;
				CLANG_ENABLE_OBJC_ARC = YES;
				CLANG_ENABLE_OBJC_WEAK = YES;
				CLANG_WARN_BLOCK_CAPTURE_AUTORELEASING = YES;
				CLANG_WARN_BOOL_CONVERSION = YES;
				CLANG_WARN_COMMA = YES;
				CLANG_WARN_CONSTANT_CONVERSION = YES;
				CLANG_WARN_DEPRECATED_OBJC_IMPLEMENTATIONS = YES;
				CLANG_WARN_DIRECT_OBJC_ISA_USAGE = YES_ERROR;
				CLANG_WARN_DOCUMENTATION_COMMENTS = YES;
				CLANG_WARN_EMPTY_BODY = YES;
				CLANG_WARN_ENUM_CONVERSION = YES;
				CLANG_WARN_INFINITE_RECURSION = YES;
				CLANG_WARN_INT_CONVERSION = YES;
				CLANG_WARN_NON_LITERAL_NULL_CONVERSION = YES;
				CLANG_WARN_OBJC_IMPLICIT_RETAIN_SELF = YES;
				CLANG_WARN_OBJC_LITERAL_CONVERSION = YES;
				CLANG_WARN_OBJC_ROOT_CLASS = YES_ERROR;
				CLANG_WARN_QUOTED_INCLUDE_IN_FRAMEWORK_HEADER = YES;
				CLANG_WARN_RANGE_LOOP_ANALYSIS = YES;
				CLANG_WARN_STRICT_PROTOTYPES = YES;
				CLANG_WARN_SUSPICIOUS_MOVE = YES;
				CLANG_WARN_UNGUARDED_AVAILABILITY = YES_AGGRESSIVE;
				CLANG_WARN_UNREACHABLE_CODE = YES;
				CLANG_WARN__DUPLICATE_METHOD_MATCH = YES;
				COPY_PHASE_STRIP = NO;
				DEBUG_INFORMATION_FORMAT = dwarf;
				ENABLE_STRICT_OBJC_MSGSEND = YES;
				ENABLE_TESTABILITY = YES;
				ENABLE_USER_SCRIPT_SANDBOXING = YES;
				GCC_C_LANGUAGE_STANDARD = gnu17;
				GCC_DYNAMIC_NO_PIC = NO;
				GCC_NO_COMMON_BLOCKS = YES;
				GCC_OPTIMIZATION_LEVEL = 0;
				GCC_PREPROCESSOR_DEFINITIONS = (
					"DEBUG=1",
					"$(inherited)",
				);
				GCC_WARN_64_TO_32_BIT_CONVERSION = YES;
				GCC_WARN_ABOUT_RETURN_TYPE = YES_ERROR;
				GCC_WARN_UNDECLARED_SELECTOR = YES;
				GCC_WARN_UNINITIALIZED_AUTOS = YES_AGGRESSIVE;
				GCC_WARN_UNUSED_FUNCTION = YES;
				GCC_WARN_UNUSED_VARIABLE = YES;
				IPHONEOS_DEPLOYMENT_TARGET = 17.4;
				LOCALIZATION_PREFERS_STRING_CATALOGS = YES;
				MTL_ENABLE_DEBUG_INFO = INCLUDE_SOURCE;
				MTL_FAST_MATH = YES;
				ONLY_ACTIVE_ARCH = YES;
				SDKROOT = iphoneos;
				SWIFT_ACTIVE_COMPILATION_CONDITIONS = "DEBUG $(inherited)";
				SWIFT_OPTIMIZATION_LEVEL = "-Onone";
			};
			name = Debug;
		};
		CED1E0822C33E79D004BFBE1 /* Release */ = {
			isa = XCBuildConfiguration;
			buildSettings = {
				ALWAYS_SEARCH_USER_PATHS = NO;
				ASSETCATALOG_COMPILER_GENERATE_SWIFT_ASSET_SYMBOL_EXTENSIONS = YES;
				CLANG_ANALYZER_NONNULL = YES;
				CLANG_ANALYZER_NUMBER_OBJECT_CONVERSION = YES_AGGRESSIVE;
				CLANG_CXX_LANGUAGE_STANDARD = "gnu++20";
				CLANG_ENABLE_MODULES = YES;
				CLANG_ENABLE_OBJC_ARC = YES;
				CLANG_ENABLE_OBJC_WEAK = YES;
				CLANG_WARN_BLOCK_CAPTURE_AUTORELEASING = YES;
				CLANG_WARN_BOOL_CONVERSION = YES;
				CLANG_WARN_COMMA = YES;
				CLANG_WARN_CONSTANT_CONVERSION = YES;
				CLANG_WARN_DEPRECATED_OBJC_IMPLEMENTATIONS = YES;
				CLANG_WARN_DIRECT_OBJC_ISA_USAGE = YES_ERROR;
				CLANG_WARN_DOCUMENTATION_COMMENTS = YES;
				CLANG_WARN_EMPTY_BODY = YES;
				CLANG_WARN_ENUM_CONVERSION = YES;
				CLANG_WARN_INFINITE_RECURSION = YES;
				CLANG_WARN_INT_CONVERSION = YES;
				CLANG_WARN_NON_LITERAL_NULL_CONVERSION = YES;
				CLANG_WARN_OBJC_IMPLICIT_RETAIN_SELF = YES;
				CLANG_WARN_OBJC_LITERAL_CONVERSION = YES;
				CLANG_WARN_OBJC_ROOT_CLASS = YES_ERROR;
				CLANG_WARN_QUOTED_INCLUDE_IN_FRAMEWORK_HEADER = YES;
				CLANG_WARN_RANGE_LOOP_ANALYSIS = YES;
				CLANG_WARN_STRICT_PROTOTYPES = YES;
				CLANG_WARN_SUSPICIOUS_MOVE = YES;
				CLANG_WARN_UNGUARDED_AVAILABILITY = YES_AGGRESSIVE;
				CLANG_WARN_UNREACHABLE_CODE = YES;
				CLANG_WARN__DUPLICATE_METHOD_MATCH = YES;
				COPY_PHASE_STRIP = NO;
				DEBUG_INFORMATION_FORMAT = "dwarf-with-dsym";
				ENABLE_NS_ASSERTIONS = NO;
				ENABLE_STRICT_OBJC_MSGSEND = YES;
				ENABLE_USER_SCRIPT_SANDBOXING = YES;
				GCC_C_LANGUAGE_STANDARD = gnu17;
				GCC_NO_COMMON_BLOCKS = YES;
				GCC_WARN_64_TO_32_BIT_CONVERSION = YES;
				GCC_WARN_ABOUT_RETURN_TYPE = YES_ERROR;
				GCC_WARN_UNDECLARED_SELECTOR = YES;
				GCC_WARN_UNINITIALIZED_AUTOS = YES_AGGRESSIVE;
				GCC_WARN_UNUSED_FUNCTION = YES;
				GCC_WARN_UNUSED_VARIABLE = YES;
				IPHONEOS_DEPLOYMENT_TARGET = 17.4;
				LOCALIZATION_PREFERS_STRING_CATALOGS = YES;
				MTL_ENABLE_DEBUG_INFO = NO;
				MTL_FAST_MATH = YES;
				SDKROOT = iphoneos;
				SWIFT_COMPILATION_MODE = wholemodule;
				VALIDATE_PRODUCT = YES;
			};
			name = Release;
		};
		CED1E0842C33E79D004BFBE1 /* Debug */ = {
			isa = XCBuildConfiguration;
			buildSettings = {
				ASSETCATALOG_COMPILER_APPICON_NAME = AppIcon;
				ASSETCATALOG_COMPILER_GLOBAL_ACCENT_COLOR_NAME = AccentColor;
				CODE_SIGN_STYLE = Automatic;
				CURRENT_PROJECT_VERSION = 1;
				GENERATE_INFOPLIST_FILE = YES;
				INFOPLIST_FILE = ReminderProject/Info.plist;
				INFOPLIST_KEY_CFBundleDisplayName = Reminder;
				INFOPLIST_KEY_UIApplicationSupportsIndirectInputEvents = YES;
				INFOPLIST_KEY_UILaunchStoryboardName = LaunchScreen;
				INFOPLIST_KEY_UISupportedInterfaceOrientations = UIInterfaceOrientationPortrait;
				IPHONEOS_DEPLOYMENT_TARGET = 17.0;
				LD_RUNPATH_SEARCH_PATHS = (
					"$(inherited)",
					"@executable_path/Frameworks",
				);
				MARKETING_VERSION = 1.0;
				PRODUCT_BUNDLE_IDENTIFIER = com.Lets.ReminderProject;
				PRODUCT_NAME = "$(TARGET_NAME)";
				SUPPORTED_PLATFORMS = "iphoneos iphonesimulator";
				SUPPORTS_MACCATALYST = NO;
				SUPPORTS_MAC_DESIGNED_FOR_IPHONE_IPAD = NO;
				SUPPORTS_XR_DESIGNED_FOR_IPHONE_IPAD = NO;
				SWIFT_EMIT_LOC_STRINGS = YES;
				SWIFT_VERSION = 5.0;
				TARGETED_DEVICE_FAMILY = 1;
			};
			name = Debug;
		};
		CED1E0852C33E79D004BFBE1 /* Release */ = {
			isa = XCBuildConfiguration;
			buildSettings = {
				ASSETCATALOG_COMPILER_APPICON_NAME = AppIcon;
				ASSETCATALOG_COMPILER_GLOBAL_ACCENT_COLOR_NAME = AccentColor;
				CODE_SIGN_STYLE = Automatic;
				CURRENT_PROJECT_VERSION = 1;
				GENERATE_INFOPLIST_FILE = YES;
				INFOPLIST_FILE = ReminderProject/Info.plist;
				INFOPLIST_KEY_CFBundleDisplayName = Reminder;
				INFOPLIST_KEY_UIApplicationSupportsIndirectInputEvents = YES;
				INFOPLIST_KEY_UILaunchStoryboardName = LaunchScreen;
				INFOPLIST_KEY_UISupportedInterfaceOrientations = UIInterfaceOrientationPortrait;
				IPHONEOS_DEPLOYMENT_TARGET = 17.0;
				LD_RUNPATH_SEARCH_PATHS = (
					"$(inherited)",
					"@executable_path/Frameworks",
				);
				MARKETING_VERSION = 1.0;
				PRODUCT_BUNDLE_IDENTIFIER = com.Lets.ReminderProject;
				PRODUCT_NAME = "$(TARGET_NAME)";
				SUPPORTED_PLATFORMS = "iphoneos iphonesimulator";
				SUPPORTS_MACCATALYST = NO;
				SUPPORTS_MAC_DESIGNED_FOR_IPHONE_IPAD = NO;
				SUPPORTS_XR_DESIGNED_FOR_IPHONE_IPAD = NO;
				SWIFT_EMIT_LOC_STRINGS = YES;
				SWIFT_VERSION = 5.0;
				TARGETED_DEVICE_FAMILY = 1;
			};
			name = Release;
		};
/* End XCBuildConfiguration section */

/* Begin XCConfigurationList section */
		CED1E06A2C33E79C004BFBE1 /* Build configuration list for PBXProject "ReminderProject" */ = {
			isa = XCConfigurationList;
			buildConfigurations = (
				CED1E0812C33E79D004BFBE1 /* Debug */,
				CED1E0822C33E79D004BFBE1 /* Release */,
			);
			defaultConfigurationIsVisible = 0;
			defaultConfigurationName = Release;
		};
		CED1E0832C33E79D004BFBE1 /* Build configuration list for PBXNativeTarget "ReminderProject" */ = {
			isa = XCConfigurationList;
			buildConfigurations = (
				CED1E0842C33E79D004BFBE1 /* Debug */,
				CED1E0852C33E79D004BFBE1 /* Release */,
			);
			defaultConfigurationIsVisible = 0;
			defaultConfigurationName = Release;
		};
/* End XCConfigurationList section */

/* Begin XCRemoteSwiftPackageReference section */
		CED1E0882C33E968004BFBE1 /* XCRemoteSwiftPackageReference "SnapKit" */ = {
			isa = XCRemoteSwiftPackageReference;
			repositoryURL = "https://github.com/SnapKit/SnapKit.git";
			requirement = {
				kind = upToNextMajorVersion;
				minimumVersion = 5.7.1;
			};
		};
		CED1E08B2C33E989004BFBE1 /* XCRemoteSwiftPackageReference "realm-swift" */ = {
			isa = XCRemoteSwiftPackageReference;
			repositoryURL = "https://github.com/realm/realm-swift.git";
			requirement = {
				kind = exactVersion;
				version = 10.52.1;
			};
		};
/* End XCRemoteSwiftPackageReference section */

/* Begin XCSwiftPackageProductDependency section */
		CED1E0892C33E968004BFBE1 /* SnapKit */ = {
			isa = XCSwiftPackageProductDependency;
			package = CED1E0882C33E968004BFBE1 /* XCRemoteSwiftPackageReference "SnapKit" */;
			productName = SnapKit;
		};
		CED1E08C2C33E989004BFBE1 /* RealmSwift */ = {
			isa = XCSwiftPackageProductDependency;
			package = CED1E08B2C33E989004BFBE1 /* XCRemoteSwiftPackageReference "realm-swift" */;
			productName = RealmSwift;
		};
/* End XCSwiftPackageProductDependency section */
	};
	rootObject = CED1E0672C33E79C004BFBE1 /* Project object */;
}
